
Microsoft Visual Studio Solution File, Format Version 12.00
# Visual Studio Version 16
VisualStudioVersion = 16.0.30709.132
MinimumVisualStudioVersion = 10.0.40219.1
Project("{FAE04EC0-301F-11D3-BF4B-00C04F79EFBC}") = "PeopleWebApp", "PeopleWebApp\PeopleWebApp.csproj", "{CFE3233D-9AA0-4A4B-8BB9-3DAAE4942D40}"
EndProject
Global
	GlobalSection(SolutionConfigurationPlatforms) = preSolution
		Debug|Any CPU = Debug|Any CPU
		Release|Any CPU = Release|Any CPU
	EndGlobalSection
	GlobalSection(ProjectConfigurationPlatforms) = postSolution
		{CFE3233D-9AA0-4A4B-8BB9-3DAAE4942D40}.Debug|Any CPU.ActiveCfg = Debug|Any CPU
		{CFE3233D-9AA0-4A4B-8BB9-3DAAE4942D40}.Debug|Any CPU.Build.0 = Debug|Any CPU
		{CFE3233D-9AA0-4A4B-8BB9-3DAAE4942D40}.Release|Any CPU.ActiveCfg = Release|Any CPU
		{CFE3233D-9AA0-4A4B-8BB9-3DAAE4942D40}.Release|Any CPU.Build.0 = Release|Any CPU
	EndGlobalSection
	GlobalSection(SolutionProperties) = preSolution
		HideSolutionNode = FALSE
	EndGlobalSection
	GlobalSection(ExtensibilityGlobals) = postSolution
		SolutionGuid = {6059C2D1-3DA7-4F94-A655-CCC911F91C08}
	EndGlobalSection
EndGlobal
