
Microsoft Visual Studio Solution File, Format Version 12.00
# Visual Studio Version 16
VisualStudioVersion = 16.0.31112.23
MinimumVisualStudioVersion = 10.0.40219.1
Project("{FAE04EC0-301F-11D3-BF4B-00C04F79EFBC}") = "Broadcaster", "Broadcaster\Broadcaster.csproj", "{379EDAE5-C5E6-469B-BCA8-20D1109087C4}"
EndProject
Project("{FAE04EC0-301F-11D3-BF4B-00C04F79EFBC}") = "Shared", "Shared\Shared.csproj", "{3297678F-6D45-45DD-B2BD-C2E0E288D333}"
EndProject
Project("{FAE04EC0-301F-11D3-BF4B-00C04F79EFBC}") = "Subscriber", "Subscriber\Subscriber.csproj", "{C5D3BF71-5755-4661-A0B2-B84D5BD4CC5D}"
EndProject
Global
	GlobalSection(SolutionConfigurationPlatforms) = preSolution
		Debug|Any CPU = Debug|Any CPU
		Release|Any CPU = Release|Any CPU
	EndGlobalSection
	GlobalSection(ProjectConfigurationPlatforms) = postSolution
		{379EDAE5-C5E6-469B-BCA8-20D1109087C4}.Debug|Any CPU.ActiveCfg = Debug|Any CPU
		{379EDAE5-C5E6-469B-BCA8-20D1109087C4}.Debug|Any CPU.Build.0 = Debug|Any CPU
		{379EDAE5-C5E6-469B-BCA8-20D1109087C4}.Release|Any CPU.ActiveCfg = Release|Any CPU
		{379EDAE5-C5E6-469B-BCA8-20D1109087C4}.Release|Any CPU.Build.0 = Release|Any CPU
		{3297678F-6D45-45DD-B2BD-C2E0E288D333}.Debug|Any CPU.ActiveCfg = Debug|Any CPU
		{3297678F-6D45-45DD-B2BD-C2E0E288D333}.Debug|Any CPU.Build.0 = Debug|Any CPU
		{3297678F-6D45-45DD-B2BD-C2E0E288D333}.Release|Any CPU.ActiveCfg = Release|Any CPU
		{3297678F-6D45-45DD-B2BD-C2E0E288D333}.Release|Any CPU.Build.0 = Release|Any CPU
		{C5D3BF71-5755-4661-A0B2-B84D5BD4CC5D}.Debug|Any CPU.ActiveCfg = Debug|Any CPU
		{C5D3BF71-5755-4661-A0B2-B84D5BD4CC5D}.Debug|Any CPU.Build.0 = Debug|Any CPU
		{C5D3BF71-5755-4661-A0B2-B84D5BD4CC5D}.Release|Any CPU.ActiveCfg = Release|Any CPU
		{C5D3BF71-5755-4661-A0B2-B84D5BD4CC5D}.Release|Any CPU.Build.0 = Release|Any CPU
	EndGlobalSection
	GlobalSection(SolutionProperties) = preSolution
		HideSolutionNode = FALSE
	EndGlobalSection
	GlobalSection(ExtensibilityGlobals) = postSolution
		SolutionGuid = {56D80B6D-6739-48C0-A2CA-8134F55FD651}
	EndGlobalSection
EndGlobal
